// !$*UTF8*$!
{
	archiveVersion = 1;
	classes = {
	};
	objectVersion = 56;
	objects = {

/* Begin PBXBuildFile section */
		820D25472A7C7C8500CA7C70 /* AppDelegate.swift in Sources */ = {isa = PBXBuildFile; fileRef = 820D25462A7C7C8500CA7C70 /* AppDelegate.swift */; };
		820D25492A7C7C8500CA7C70 /* SceneDelegate.swift in Sources */ = {isa = PBXBuildFile; fileRef = 820D25482A7C7C8500CA7C70 /* SceneDelegate.swift */; };
		820D25502A7C7C8700CA7C70 /* Assets.xcassets in Resources */ = {isa = PBXBuildFile; fileRef = 820D254F2A7C7C8700CA7C70 /* Assets.xcassets */; };
		8216BFAE2A8E667900A86594 /* PhotoCell.swift in Sources */ = {isa = PBXBuildFile; fileRef = 8216BFAD2A8E667800A86594 /* PhotoCell.swift */; };
		8222B8922A9CC98F00CCC02F /* UIImageView+Download.swift in Sources */ = {isa = PBXBuildFile; fileRef = 8222B8912A9CC98F00CCC02F /* UIImageView+Download.swift */; };
		82E38D7D2A85A614009A0174 /* Photo.swift in Sources */ = {isa = PBXBuildFile; fileRef = 82E38D7C2A85A614009A0174 /* Photo.swift */; };
		CE40EC3B2A9D62A100A4EB02 /* Launch Screen.storyboard in Resources */ = {isa = PBXBuildFile; fileRef = CE40EC3A2A9D62A100A4EB02 /* Launch Screen.storyboard */; };
		CECE557D2A99801B006EEE37 /* DetailViewController.swift in Sources */ = {isa = PBXBuildFile; fileRef = CECE557C2A99801B006EEE37 /* DetailViewController.swift */; };
		CECE557F2A998062006EEE37 /* Detail.storyboard in Resources */ = {isa = PBXBuildFile; fileRef = CECE557E2A998062006EEE37 /* Detail.storyboard */; };
		CEE6DF1A2A816565009A8EB4 /* PhotoViewController.swift in Sources */ = {isa = PBXBuildFile; fileRef = CEE6DF192A816565009A8EB4 /* PhotoViewController.swift */; };
/* End PBXBuildFile section */

/* Begin PBXFileReference section */
		820D25432A7C7C8500CA7C70 /* Nasa Galery.app */ = {isa = PBXFileReference; explicitFileType = wrapper.application; includeInIndex = 0; path = "Nasa Galery.app"; sourceTree = BUILT_PRODUCTS_DIR; };
		820D25462A7C7C8500CA7C70 /* AppDelegate.swift */ = {isa = PBXFileReference; lastKnownFileType = sourcecode.swift; path = AppDelegate.swift; sourceTree = "<group>"; };
		820D25482A7C7C8500CA7C70 /* SceneDelegate.swift */ = {isa = PBXFileReference; lastKnownFileType = sourcecode.swift; path = SceneDelegate.swift; sourceTree = "<group>"; };
		820D254F2A7C7C8700CA7C70 /* Assets.xcassets */ = {isa = PBXFileReference; lastKnownFileType = folder.assetcatalog; path = Assets.xcassets; sourceTree = "<group>"; };
		820D25542A7C7C8700CA7C70 /* Info.plist */ = {isa = PBXFileReference; lastKnownFileType = text.plist.xml; path = Info.plist; sourceTree = "<group>"; };
		8216BFAD2A8E667800A86594 /* PhotoCell.swift */ = {isa = PBXFileReference; lastKnownFileType = sourcecode.swift; path = PhotoCell.swift; sourceTree = "<group>"; };
		8222B8912A9CC98F00CCC02F /* UIImageView+Download.swift */ = {isa = PBXFileReference; lastKnownFileType = sourcecode.swift; path = "UIImageView+Download.swift"; sourceTree = "<group>"; };
		82E38D7C2A85A614009A0174 /* Photo.swift */ = {isa = PBXFileReference; lastKnownFileType = sourcecode.swift; path = Photo.swift; sourceTree = "<group>"; };
		CE40EC3A2A9D62A100A4EB02 /* Launch Screen.storyboard */ = {isa = PBXFileReference; lastKnownFileType = file.storyboard; path = "Launch Screen.storyboard"; sourceTree = "<group>"; };
		CECE557C2A99801B006EEE37 /* DetailViewController.swift */ = {isa = PBXFileReference; lastKnownFileType = sourcecode.swift; path = DetailViewController.swift; sourceTree = "<group>"; };
		CECE557E2A998062006EEE37 /* Detail.storyboard */ = {isa = PBXFileReference; lastKnownFileType = file.storyboard; path = Detail.storyboard; sourceTree = "<group>"; };
		CEE6DF192A816565009A8EB4 /* PhotoViewController.swift */ = {isa = PBXFileReference; lastKnownFileType = sourcecode.swift; path = PhotoViewController.swift; sourceTree = "<group>"; };
/* End PBXFileReference section */

/* Begin PBXFrameworksBuildPhase section */
		820D25402A7C7C8500CA7C70 /* Frameworks */ = {
			isa = PBXFrameworksBuildPhase;
			buildActionMask = 2147483647;
			files = (
			);
			runOnlyForDeploymentPostprocessing = 0;
		};
/* End PBXFrameworksBuildPhase section */

/* Begin PBXGroup section */
		820D253A2A7C7C8500CA7C70 = {
			isa = PBXGroup;
			children = (
				CE40EC3A2A9D62A100A4EB02 /* Launch Screen.storyboard */,
				820D25452A7C7C8500CA7C70 /* Nasa Galery */,
				820D25442A7C7C8500CA7C70 /* Products */,
			);
			sourceTree = "<group>";
		};
		820D25442A7C7C8500CA7C70 /* Products */ = {
			isa = PBXGroup;
			children = (
				820D25432A7C7C8500CA7C70 /* Nasa Galery.app */,
			);
			name = Products;
			sourceTree = "<group>";
		};
		820D25452A7C7C8500CA7C70 /* Nasa Galery */ = {
			isa = PBXGroup;
			children = (
				8222B8902A9CC96900CCC02F /* Extensions */,
				CECE557B2A991F86006EEE37 /* Details */,
				CECE55792A991829006EEE37 /* Home */,
				82E38D7B2A85A5F9009A0174 /* Model */,
				820D25462A7C7C8500CA7C70 /* AppDelegate.swift */,
				820D25482A7C7C8500CA7C70 /* SceneDelegate.swift */,
				820D254F2A7C7C8700CA7C70 /* Assets.xcassets */,
				820D25542A7C7C8700CA7C70 /* Info.plist */,
			);
			path = "Nasa Galery";
			sourceTree = "<group>";
		};
		8222B8902A9CC96900CCC02F /* Extensions */ = {
			isa = PBXGroup;
			children = (
				8222B8912A9CC98F00CCC02F /* UIImageView+Download.swift */,
			);
			path = Extensions;
			sourceTree = "<group>";
		};
		82E38D7B2A85A5F9009A0174 /* Model */ = {
			isa = PBXGroup;
			children = (
				82E38D7C2A85A614009A0174 /* Photo.swift */,
			);
			path = Model;
			sourceTree = "<group>";
		};
		CECE55792A991829006EEE37 /* Home */ = {
			isa = PBXGroup;
			children = (
				CEE6DF192A816565009A8EB4 /* PhotoViewController.swift */,
				8216BFAD2A8E667800A86594 /* PhotoCell.swift */,
			);
			name = Home;
			sourceTree = "<group>";
		};
		CECE557B2A991F86006EEE37 /* Details */ = {
			isa = PBXGroup;
			children = (
				CECE557C2A99801B006EEE37 /* DetailViewController.swift */,
				CECE557E2A998062006EEE37 /* Detail.storyboard */,
			);
			path = Details;
			sourceTree = "<group>";
		};
/* End PBXGroup section */

/* Begin PBXNativeTarget section */
		820D25422A7C7C8500CA7C70 /* Nasa Galery */ = {
			isa = PBXNativeTarget;
			buildConfigurationList = 820D25572A7C7C8700CA7C70 /* Build configuration list for PBXNativeTarget "Nasa Galery" */;
			buildPhases = (
				820D253F2A7C7C8500CA7C70 /* Sources */,
				820D25402A7C7C8500CA7C70 /* Frameworks */,
				820D25412A7C7C8500CA7C70 /* Resources */,
			);
			buildRules = (
			);
			dependencies = (
			);
			name = "Nasa Galery";
			productName = "Nasa Galery";
			productReference = 820D25432A7C7C8500CA7C70 /* Nasa Galery.app */;
			productType = "com.apple.product-type.application";
		};
/* End PBXNativeTarget section */

/* Begin PBXProject section */
		820D253B2A7C7C8500CA7C70 /* Project object */ = {
			isa = PBXProject;
			attributes = {
				BuildIndependentTargetsInParallel = 1;
				LastSwiftUpdateCheck = 1420;
				LastUpgradeCheck = 1420;
				TargetAttributes = {
					820D25422A7C7C8500CA7C70 = {
						CreatedOnToolsVersion = 14.2;
					};
				};
			};
			buildConfigurationList = 820D253E2A7C7C8500CA7C70 /* Build configuration list for PBXProject "Nasa Galery" */;
			compatibilityVersion = "Xcode 14.0";
			developmentRegion = en;
			hasScannedForEncodings = 0;
			knownRegions = (
				en,
				Base,
			);
			mainGroup = 820D253A2A7C7C8500CA7C70;
			productRefGroup = 820D25442A7C7C8500CA7C70 /* Products */;
			projectDirPath = "";
			projectRoot = "";
			targets = (
				820D25422A7C7C8500CA7C70 /* Nasa Galery */,
			);
		};
/* End PBXProject section */

/* Begin PBXResourcesBuildPhase section */
		820D25412A7C7C8500CA7C70 /* Resources */ = {
			isa = PBXResourcesBuildPhase;
			buildActionMask = 2147483647;
			files = (
				CE40EC3B2A9D62A100A4EB02 /* Launch Screen.storyboard in Resources */,
				820D25502A7C7C8700CA7C70 /* Assets.xcassets in Resources */,
				CECE557F2A998062006EEE37 /* Detail.storyboard in Resources */,
			);
			runOnlyForDeploymentPostprocessing = 0;
		};
/* End PBXResourcesBuildPhase section */

/* Begin PBXSourcesBuildPhase section */
		820D253F2A7C7C8500CA7C70 /* Sources */ = {
			isa = PBXSourcesBuildPhase;
			buildActionMask = 2147483647;
			files = (
				82E38D7D2A85A614009A0174 /* Photo.swift in Sources */,
				8216BFAE2A8E667900A86594 /* PhotoCell.swift in Sources */,
				8222B8922A9CC98F00CCC02F /* UIImageView+Download.swift in Sources */,
				820D25472A7C7C8500CA7C70 /* AppDelegate.swift in Sources */,
				CECE557D2A99801B006EEE37 /* DetailViewController.swift in Sources */,
				820D25492A7C7C8500CA7C70 /* SceneDelegate.swift in Sources */,
				CEE6DF1A2A816565009A8EB4 /* PhotoViewController.swift in Sources */,
			);
			runOnlyForDeploymentPostprocessing = 0;
		};
/* End PBXSourcesBuildPhase section */

/* Begin XCBuildConfiguration section */
		820D25552A7C7C8700CA7C70 /* Debug */ = {
			isa = XCBuildConfiguration;
			buildSettings = {
				ALWAYS_SEARCH_USER_PATHS = NO;
				CLANG_ANALYZER_NONNULL = YES;
				CLANG_ANALYZER_NUMBER_OBJECT_CONVERSION = YES_AGGRESSIVE;
				CLANG_CXX_LANGUAGE_STANDARD = "gnu++20";
				CLANG_ENABLE_MODULES = YES;
				CLANG_ENABLE_OBJC_ARC = YES;
				CLANG_ENABLE_OBJC_WEAK = YES;
				CLANG_WARN_BLOCK_CAPTURE_AUTORELEASING = YES;
				CLANG_WARN_BOOL_CONVERSION = YES;
				CLANG_WARN_COMMA = YES;
				CLANG_WARN_CONSTANT_CONVERSION = YES;
				CLANG_WARN_DEPRECATED_OBJC_IMPLEMENTATIONS = YES;
				CLANG_WARN_DIRECT_OBJC_ISA_USAGE = YES_ERROR;
				CLANG_WARN_DOCUMENTATION_COMMENTS = YES;
				CLANG_WARN_EMPTY_BODY = YES;
				CLANG_WARN_ENUM_CONVERSION = YES;
				CLANG_WARN_INFINITE_RECURSION = YES;
				CLANG_WARN_INT_CONVERSION = YES;
				CLANG_WARN_NON_LITERAL_NULL_CONVERSION = YES;
				CLANG_WARN_OBJC_IMPLICIT_RETAIN_SELF = YES;
				CLANG_WARN_OBJC_LITERAL_CONVERSION = YES;
				CLANG_WARN_OBJC_ROOT_CLASS = YES_ERROR;
				CLANG_WARN_QUOTED_INCLUDE_IN_FRAMEWORK_HEADER = YES;
				CLANG_WARN_RANGE_LOOP_ANALYSIS = YES;
				CLANG_WARN_STRICT_PROTOTYPES = YES;
				CLANG_WARN_SUSPICIOUS_MOVE = YES;
				CLANG_WARN_UNGUARDED_AVAILABILITY = YES_AGGRESSIVE;
				CLANG_WARN_UNREACHABLE_CODE = YES;
				CLANG_WARN__DUPLICATE_METHOD_MATCH = YES;
				COPY_PHASE_STRIP = NO;
				DEBUG_INFORMATION_FORMAT = dwarf;
				ENABLE_STRICT_OBJC_MSGSEND = YES;
				ENABLE_TESTABILITY = YES;
				GCC_C_LANGUAGE_STANDARD = gnu11;
				GCC_DYNAMIC_NO_PIC = NO;
				GCC_NO_COMMON_BLOCKS = YES;
				GCC_OPTIMIZATION_LEVEL = 0;
				GCC_PREPROCESSOR_DEFINITIONS = (
					"DEBUG=1",
					"$(inherited)",
				);
				GCC_WARN_64_TO_32_BIT_CONVERSION = YES;
				GCC_WARN_ABOUT_RETURN_TYPE = YES_ERROR;
				GCC_WARN_UNDECLARED_SELECTOR = YES;
				GCC_WARN_UNINITIALIZED_AUTOS = YES_AGGRESSIVE;
				GCC_WARN_UNUSED_FUNCTION = YES;
				GCC_WARN_UNUSED_VARIABLE = YES;
				IPHONEOS_DEPLOYMENT_TARGET = 16.2;
				MTL_ENABLE_DEBUG_INFO = INCLUDE_SOURCE;
				MTL_FAST_MATH = YES;
				ONLY_ACTIVE_ARCH = YES;
				SDKROOT = iphoneos;
				SWIFT_ACTIVE_COMPILATION_CONDITIONS = DEBUG;
				SWIFT_OPTIMIZATION_LEVEL = "-Onone";
			};
			name = Debug;
		};
		820D25562A7C7C8700CA7C70 /* Release */ = {
			isa = XCBuildConfiguration;
			buildSettings = {
				ALWAYS_SEARCH_USER_PATHS = NO;
				CLANG_ANALYZER_NONNULL = YES;
				CLANG_ANALYZER_NUMBER_OBJECT_CONVERSION = YES_AGGRESSIVE;
				CLANG_CXX_LANGUAGE_STANDARD = "gnu++20";
				CLANG_ENABLE_MODULES = YES;
				CLANG_ENABLE_OBJC_ARC = YES;
				CLANG_ENABLE_OBJC_WEAK = YES;
				CLANG_WARN_BLOCK_CAPTURE_AUTORELEASING = YES;
				CLANG_WARN_BOOL_CONVERSION = YES;
				CLANG_WARN_COMMA = YES;
				CLANG_WARN_CONSTANT_CONVERSION = YES;
				CLANG_WARN_DEPRECATED_OBJC_IMPLEMENTATIONS = YES;
				CLANG_WARN_DIRECT_OBJC_ISA_USAGE = YES_ERROR;
				CLANG_WARN_DOCUMENTATION_COMMENTS = YES;
				CLANG_WARN_EMPTY_BODY = YES;
				CLANG_WARN_ENUM_CONVERSION = YES;
				CLANG_WARN_INFINITE_RECURSION = YES;
				CLANG_WARN_INT_CONVERSION = YES;
				CLANG_WARN_NON_LITERAL_NULL_CONVERSION = YES;
				CLANG_WARN_OBJC_IMPLICIT_RETAIN_SELF = YES;
				CLANG_WARN_OBJC_LITERAL_CONVERSION = YES;
				CLANG_WARN_OBJC_ROOT_CLASS = YES_ERROR;
				CLANG_WARN_QUOTED_INCLUDE_IN_FRAMEWORK_HEADER = YES;
				CLANG_WARN_RANGE_LOOP_ANALYSIS = YES;
				CLANG_WARN_STRICT_PROTOTYPES = YES;
				CLANG_WARN_SUSPICIOUS_MOVE = YES;
				CLANG_WARN_UNGUARDED_AVAILABILITY = YES_AGGRESSIVE;
				CLANG_WARN_UNREACHABLE_CODE = YES;
				CLANG_WARN__DUPLICATE_METHOD_MATCH = YES;
				COPY_PHASE_STRIP = NO;
				DEBUG_INFORMATION_FORMAT = "dwarf-with-dsym";
				ENABLE_NS_ASSERTIONS = NO;
				ENABLE_STRICT_OBJC_MSGSEND = YES;
				GCC_C_LANGUAGE_STANDARD = gnu11;
				GCC_NO_COMMON_BLOCKS = YES;
				GCC_WARN_64_TO_32_BIT_CONVERSION = YES;
				GCC_WARN_ABOUT_RETURN_TYPE = YES_ERROR;
				GCC_WARN_UNDECLARED_SELECTOR = YES;
				GCC_WARN_UNINITIALIZED_AUTOS = YES_AGGRESSIVE;
				GCC_WARN_UNUSED_FUNCTION = YES;
				GCC_WARN_UNUSED_VARIABLE = YES;
				IPHONEOS_DEPLOYMENT_TARGET = 16.2;
				MTL_ENABLE_DEBUG_INFO = NO;
				MTL_FAST_MATH = YES;
				SDKROOT = iphoneos;
				SWIFT_COMPILATION_MODE = wholemodule;
				SWIFT_OPTIMIZATION_LEVEL = "-O";
				VALIDATE_PRODUCT = YES;
			};
			name = Release;
		};
		820D25582A7C7C8700CA7C70 /* Debug */ = {
			isa = XCBuildConfiguration;
			buildSettings = {
				ASSETCATALOG_COMPILER_APPICON_NAME = AppIcon;
				ASSETCATALOG_COMPILER_GLOBAL_ACCENT_COLOR_NAME = AccentColor;
				CODE_SIGN_STYLE = Automatic;
				CURRENT_PROJECT_VERSION = 1;
				GENERATE_INFOPLIST_FILE = YES;
				INFOPLIST_FILE = "Nasa Galery/Info.plist";
				INFOPLIST_KEY_UIApplicationSupportsIndirectInputEvents = YES;
				INFOPLIST_KEY_UILaunchStoryboardName = "Launch Screen.storyboard";
				INFOPLIST_KEY_UISupportedInterfaceOrientations_iPad = "UIInterfaceOrientationPortrait UIInterfaceOrientationPortraitUpsideDown UIInterfaceOrientationLandscapeLeft UIInterfaceOrientationLandscapeRight";
				INFOPLIST_KEY_UISupportedInterfaceOrientations_iPhone = "UIInterfaceOrientationPortrait UIInterfaceOrientationLandscapeLeft UIInterfaceOrientationLandscapeRight";
				LD_RUNPATH_SEARCH_PATHS = (
					"$(inherited)",
					"@executable_path/Frameworks",
				);
				MARKETING_VERSION = 1.0;
				PRODUCT_BUNDLE_IDENTIFIER = "Gruna-Team.Nasa-Galery";
				PRODUCT_NAME = "$(TARGET_NAME)";
				SWIFT_EMIT_LOC_STRINGS = YES;
				SWIFT_VERSION = 5.0;
				TARGETED_DEVICE_FAMILY = "1,2";
			};
			name = Debug;
		};
		820D25592A7C7C8700CA7C70 /* Release */ = {
			isa = XCBuildConfiguration;
			buildSettings = {
				ASSETCATALOG_COMPILER_APPICON_NAME = AppIcon;
				ASSETCATALOG_COMPILER_GLOBAL_ACCENT_COLOR_NAME = AccentColor;
				CODE_SIGN_STYLE = Automatic;
				CURRENT_PROJECT_VERSION = 1;
				GENERATE_INFOPLIST_FILE = YES;
				INFOPLIST_FILE = "Nasa Galery/Info.plist";
				INFOPLIST_KEY_UIApplicationSupportsIndirectInputEvents = YES;
				INFOPLIST_KEY_UILaunchStoryboardName = "Launch Screen.storyboard";
				INFOPLIST_KEY_UISupportedInterfaceOrientations_iPad = "UIInterfaceOrientationPortrait UIInterfaceOrientationPortraitUpsideDown UIInterfaceOrientationLandscapeLeft UIInterfaceOrientationLandscapeRight";
				INFOPLIST_KEY_UISupportedInterfaceOrientations_iPhone = "UIInterfaceOrientationPortrait UIInterfaceOrientationLandscapeLeft UIInterfaceOrientationLandscapeRight";
				LD_RUNPATH_SEARCH_PATHS = (
					"$(inherited)",
					"@executable_path/Frameworks",
				);
				MARKETING_VERSION = 1.0;
				PRODUCT_BUNDLE_IDENTIFIER = "Gruna-Team.Nasa-Galery";
				PRODUCT_NAME = "$(TARGET_NAME)";
				SWIFT_EMIT_LOC_STRINGS = YES;
				SWIFT_VERSION = 5.0;
				TARGETED_DEVICE_FAMILY = "1,2";
			};
			name = Release;
		};
/* End XCBuildConfiguration section */

/* Begin XCConfigurationList section */
		820D253E2A7C7C8500CA7C70 /* Build configuration list for PBXProject "Nasa Galery" */ = {
			isa = XCConfigurationList;
			buildConfigurations = (
				820D25552A7C7C8700CA7C70 /* Debug */,
				820D25562A7C7C8700CA7C70 /* Release */,
			);
			defaultConfigurationIsVisible = 0;
			defaultConfigurationName = Release;
		};
		820D25572A7C7C8700CA7C70 /* Build configuration list for PBXNativeTarget "Nasa Galery" */ = {
			isa = XCConfigurationList;
			buildConfigurations = (
				820D25582A7C7C8700CA7C70 /* Debug */,
				820D25592A7C7C8700CA7C70 /* Release */,
			);
			defaultConfigurationIsVisible = 0;
			defaultConfigurationName = Release;
		};
/* End XCConfigurationList section */
	};
	rootObject = 820D253B2A7C7C8500CA7C70 /* Project object */;
}
